
Microsoft Visual Studio Solution File, Format Version 12.00
# Visual Studio Version 16
VisualStudioVersion = 16.0.29411.108
MinimumVisualStudioVersion = 10.0.40219.1
Project("{8BC9CEB8-8B4A-11D0-8D11-00A0C91BC942}") = "Plast", "Plast\Plast.vcxproj", "{8EEC8180-8510-47BD-92DF-0CBD37906FD8}"
EndProject
Project("{8BC9CEB8-8B4A-11D0-8D11-00A0C91BC942}") = "TestWET", "tests\TestWET\TestWET.vcxproj", "{D10F94F1-55E4-46CF-A29C-174E3DA5663E}"
EndProject
Project("{2150E333-8FDC-42A3-9474-1A3956D46DE8}") = "Tests", "Tests", "{7007C30C-5948-427B-89BF-DB08E4E9F2DF}"
EndProject
Project("{8BC9CEB8-8B4A-11D0-8D11-00A0C91BC942}") = "Test_RudShel0", "tests\Test_RudShel0\Test_RudShel0.vcxproj", "{7AC75325-7597-4F20-AB48-EA432DE3346A}"
EndProject
Project("{8BC9CEB8-8B4A-11D0-8D11-00A0C91BC942}") = "TestStrobes", "tests\TestStrobes\TestStrobes.vcxproj", "{10E75C43-3350-422F-A70A-A9EE40A79C7E}"
EndProject
Project("{8BC9CEB8-8B4A-11D0-8D11-00A0C91BC942}") = "test_type_list", "tests\test_type_list\test_type_list.vcxproj", "{80ABCD48-AC99-4F84-8F42-3B1F593FDD8F}"
EndProject
Project("{8BC9CEB8-8B4A-11D0-8D11-00A0C91BC942}") = "debug_panel", "debug_panel\debug_panel.vcxproj", "{3CBAF251-5800-4F22-BDBE-B61545CA2F3B}"
EndProject
Project("{8BC9CEB8-8B4A-11D0-8D11-00A0C91BC942}") = "TestArr", "tests\TestArr\TestArr.vcxproj", "{E46C1338-B842-4CF1-86CD-C4481E106724}"
EndProject
Project("{2150E333-8FDC-42A3-9474-1A3956D46DE8}") = "App", "App", "{09FF867A-D19B-4053-8ED1-5E056B500BD9}"
EndProject
Project("{8BC9CEB8-8B4A-11D0-8D11-00A0C91BC942}") = "Messages", "Messages\Messages.vcxproj", "{F91A3B7A-6A81-46A8-9456-49EF6D4AA821}"
EndProject
Project("{8BC9CEB8-8B4A-11D0-8D11-00A0C91BC942}") = "filters", "tests\filters\filters.vcxproj", "{0265FABE-AF78-4B29-B450-3387F194AC6C}"
EndProject
Project("{8BC9CEB8-8B4A-11D0-8D11-00A0C91BC942}") = "client", "tests\Pipe\client\client.vcxproj", "{A005351D-74B6-4DA6-9249-8A2EA0A02801}"
EndProject
Project("{8BC9CEB8-8B4A-11D0-8D11-00A0C91BC942}") = "server", "tests\Pipe\server\server.vcxproj", "{195D39E3-666C-42A7-ADFB-2FE7CF2BF72E}"
EndProject
Project("{8BC9CEB8-8B4A-11D0-8D11-00A0C91BC942}") = "LanProcess", "LanProcess\LanProcess.vcxproj", "{F5296FC4-12BA-4D72-9045-823BCB7A371C}"
EndProject
Project("{8BC9CEB8-8B4A-11D0-8D11-00A0C91BC942}") = "testZip", "tests\testZip\testZip.vcxproj", "{E7E8E3C3-160F-4D71-B444-2B41002C9A16}"
EndProject
Project("{8BC9CEB8-8B4A-11D0-8D11-00A0C91BC942}") = "TestStoreBase", "tests\TestStoreBase\TestStoreBase.vcxproj", "{1AD60042-4E32-4355-AE6F-97FF2A4B0297}"
EndProject
Project("{9A19103F-16F7-4668-BE54-9A1E7A4F7556}") = "Store", "Store\Store.csproj", "{B5409F4C-0D3F-496C-BBAA-54F58CB76898}"
EndProject
Project("{9A19103F-16F7-4668-BE54-9A1E7A4F7556}") = "TestStore", "tests\TestStore\TestStore\TestStore.csproj", "{127A7697-81A1-4CB3-862F-B77CE768C795}"
EndProject
Project("{9A19103F-16F7-4668-BE54-9A1E7A4F7556}") = "Rep", "Rep\Rep.csproj", "{3D46C585-342D-4E58-A456-7CCA68367638}"
EndProject
Project("{FAE04EC0-301F-11D3-BF4B-00C04F79EFBC}") = "Rep1", "Rep1\Rep1.csproj", "{A826D8FC-74B1-48A0-B122-9CB7CD4D0D8C}"
EndProject
Project("{FAE04EC0-301F-11D3-BF4B-00C04F79EFBC}") = "Rep2", "Rep2\Rep2.csproj", "{2597CD36-93C4-41BB-83BF-787B89A79565}"
EndProject
Project("{FAE04EC0-301F-11D3-BF4B-00C04F79EFBC}") = "Rep4", "Rep4\Rep4.csproj", "{5CE49D38-7FA0-4AF6-B405-4C1BEB03E2FD}"
EndProject
Global
	GlobalSection(SolutionConfigurationPlatforms) = preSolution
		Debug|Any CPU = Debug|Any CPU
		Debug|x64 = Debug|x64
		Debug|x86 = Debug|x86
		Release|Any CPU = Release|Any CPU
		Release|x64 = Release|x64
		Release|x86 = Release|x86
	EndGlobalSection
	GlobalSection(ProjectConfigurationPlatforms) = postSolution
		{8EEC8180-8510-47BD-92DF-0CBD37906FD8}.Debug|Any CPU.ActiveCfg = Debug|Win32
		{8EEC8180-8510-47BD-92DF-0CBD37906FD8}.Debug|x64.ActiveCfg = Debug|x64
		{8EEC8180-8510-47BD-92DF-0CBD37906FD8}.Debug|x64.Build.0 = Debug|x64
		{8EEC8180-8510-47BD-92DF-0CBD37906FD8}.Debug|x86.ActiveCfg = Debug|Win32
		{8EEC8180-8510-47BD-92DF-0CBD37906FD8}.Debug|x86.Build.0 = Debug|Win32
		{8EEC8180-8510-47BD-92DF-0CBD37906FD8}.Release|Any CPU.ActiveCfg = Release|Win32
		{8EEC8180-8510-47BD-92DF-0CBD37906FD8}.Release|x64.ActiveCfg = Release|x64
		{8EEC8180-8510-47BD-92DF-0CBD37906FD8}.Release|x64.Build.0 = Release|x64
		{8EEC8180-8510-47BD-92DF-0CBD37906FD8}.Release|x86.ActiveCfg = Release|Win32
		{8EEC8180-8510-47BD-92DF-0CBD37906FD8}.Release|x86.Build.0 = Release|Win32
		{D10F94F1-55E4-46CF-A29C-174E3DA5663E}.Debug|Any CPU.ActiveCfg = Debug|Win32
		{D10F94F1-55E4-46CF-A29C-174E3DA5663E}.Debug|x64.ActiveCfg = Debug|x64
		{D10F94F1-55E4-46CF-A29C-174E3DA5663E}.Debug|x64.Build.0 = Debug|x64
		{D10F94F1-55E4-46CF-A29C-174E3DA5663E}.Debug|x86.ActiveCfg = Debug|Win32
		{D10F94F1-55E4-46CF-A29C-174E3DA5663E}.Debug|x86.Build.0 = Debug|Win32
		{D10F94F1-55E4-46CF-A29C-174E3DA5663E}.Release|Any CPU.ActiveCfg = Release|Win32
		{D10F94F1-55E4-46CF-A29C-174E3DA5663E}.Release|x64.ActiveCfg = Release|x64
		{D10F94F1-55E4-46CF-A29C-174E3DA5663E}.Release|x64.Build.0 = Release|x64
		{D10F94F1-55E4-46CF-A29C-174E3DA5663E}.Release|x86.ActiveCfg = Release|Win32
		{D10F94F1-55E4-46CF-A29C-174E3DA5663E}.Release|x86.Build.0 = Release|Win32
		{7AC75325-7597-4F20-AB48-EA432DE3346A}.Debug|Any CPU.ActiveCfg = Debug|Win32
		{7AC75325-7597-4F20-AB48-EA432DE3346A}.Debug|x64.ActiveCfg = Debug|x64
		{7AC75325-7597-4F20-AB48-EA432DE3346A}.Debug|x64.Build.0 = Debug|x64
		{7AC75325-7597-4F20-AB48-EA432DE3346A}.Debug|x86.ActiveCfg = Debug|Win32
		{7AC75325-7597-4F20-AB48-EA432DE3346A}.Debug|x86.Build.0 = Debug|Win32
		{7AC75325-7597-4F20-AB48-EA432DE3346A}.Release|Any CPU.ActiveCfg = Release|Win32
		{7AC75325-7597-4F20-AB48-EA432DE3346A}.Release|x64.ActiveCfg = Release|x64
		{7AC75325-7597-4F20-AB48-EA432DE3346A}.Release|x64.Build.0 = Release|x64
		{7AC75325-7597-4F20-AB48-EA432DE3346A}.Release|x86.ActiveCfg = Release|Win32
		{7AC75325-7597-4F20-AB48-EA432DE3346A}.Release|x86.Build.0 = Release|Win32
		{10E75C43-3350-422F-A70A-A9EE40A79C7E}.Debug|Any CPU.ActiveCfg = Debug|Win32
		{10E75C43-3350-422F-A70A-A9EE40A79C7E}.Debug|x64.ActiveCfg = Debug|x64
		{10E75C43-3350-422F-A70A-A9EE40A79C7E}.Debug|x64.Build.0 = Debug|x64
		{10E75C43-3350-422F-A70A-A9EE40A79C7E}.Debug|x86.ActiveCfg = Debug|Win32
		{10E75C43-3350-422F-A70A-A9EE40A79C7E}.Debug|x86.Build.0 = Debug|Win32
		{10E75C43-3350-422F-A70A-A9EE40A79C7E}.Release|Any CPU.ActiveCfg = Release|Win32
		{10E75C43-3350-422F-A70A-A9EE40A79C7E}.Release|x64.ActiveCfg = Release|x64
		{10E75C43-3350-422F-A70A-A9EE40A79C7E}.Release|x64.Build.0 = Release|x64
		{10E75C43-3350-422F-A70A-A9EE40A79C7E}.Release|x86.ActiveCfg = Release|Win32
		{10E75C43-3350-422F-A70A-A9EE40A79C7E}.Release|x86.Build.0 = Release|Win32
		{80ABCD48-AC99-4F84-8F42-3B1F593FDD8F}.Debug|Any CPU.ActiveCfg = Debug|Win32
		{80ABCD48-AC99-4F84-8F42-3B1F593FDD8F}.Debug|x64.ActiveCfg = Debug|x64
		{80ABCD48-AC99-4F84-8F42-3B1F593FDD8F}.Debug|x64.Build.0 = Debug|x64
		{80ABCD48-AC99-4F84-8F42-3B1F593FDD8F}.Debug|x86.ActiveCfg = Debug|Win32
		{80ABCD48-AC99-4F84-8F42-3B1F593FDD8F}.Debug|x86.Build.0 = Debug|Win32
		{80ABCD48-AC99-4F84-8F42-3B1F593FDD8F}.Release|Any CPU.ActiveCfg = Release|Win32
		{80ABCD48-AC99-4F84-8F42-3B1F593FDD8F}.Release|x64.ActiveCfg = Release|x64
		{80ABCD48-AC99-4F84-8F42-3B1F593FDD8F}.Release|x64.Build.0 = Release|x64
		{80ABCD48-AC99-4F84-8F42-3B1F593FDD8F}.Release|x86.ActiveCfg = Release|Win32
		{80ABCD48-AC99-4F84-8F42-3B1F593FDD8F}.Release|x86.Build.0 = Release|Win32
		{3CBAF251-5800-4F22-BDBE-B61545CA2F3B}.Debug|Any CPU.ActiveCfg = Debug|Win32
		{3CBAF251-5800-4F22-BDBE-B61545CA2F3B}.Debug|x64.ActiveCfg = Debug|x64
		{3CBAF251-5800-4F22-BDBE-B61545CA2F3B}.Debug|x64.Build.0 = Debug|x64
		{3CBAF251-5800-4F22-BDBE-B61545CA2F3B}.Debug|x86.ActiveCfg = Debug|Win32
		{3CBAF251-5800-4F22-BDBE-B61545CA2F3B}.Debug|x86.Build.0 = Debug|Win32
		{3CBAF251-5800-4F22-BDBE-B61545CA2F3B}.Release|Any CPU.ActiveCfg = Release|Win32
		{3CBAF251-5800-4F22-BDBE-B61545CA2F3B}.Release|x64.ActiveCfg = Release|x64
		{3CBAF251-5800-4F22-BDBE-B61545CA2F3B}.Release|x64.Build.0 = Release|x64
		{3CBAF251-5800-4F22-BDBE-B61545CA2F3B}.Release|x86.ActiveCfg = Release|Win32
		{3CBAF251-5800-4F22-BDBE-B61545CA2F3B}.Release|x86.Build.0 = Release|Win32
		{E46C1338-B842-4CF1-86CD-C4481E106724}.Debug|Any CPU.ActiveCfg = Debug|Win32
		{E46C1338-B842-4CF1-86CD-C4481E106724}.Debug|x64.ActiveCfg = Debug|x64
		{E46C1338-B842-4CF1-86CD-C4481E106724}.Debug|x64.Build.0 = Debug|x64
		{E46C1338-B842-4CF1-86CD-C4481E106724}.Debug|x86.ActiveCfg = Debug|Win32
		{E46C1338-B842-4CF1-86CD-C4481E106724}.Debug|x86.Build.0 = Debug|Win32
		{E46C1338-B842-4CF1-86CD-C4481E106724}.Release|Any CPU.ActiveCfg = Release|Win32
		{E46C1338-B842-4CF1-86CD-C4481E106724}.Release|x64.ActiveCfg = Release|x64
		{E46C1338-B842-4CF1-86CD-C4481E106724}.Release|x64.Build.0 = Release|x64
		{E46C1338-B842-4CF1-86CD-C4481E106724}.Release|x86.ActiveCfg = Release|Win32
		{E46C1338-B842-4CF1-86CD-C4481E106724}.Release|x86.Build.0 = Release|Win32
		{F91A3B7A-6A81-46A8-9456-49EF6D4AA821}.Debug|Any CPU.ActiveCfg = Debug|Win32
		{F91A3B7A-6A81-46A8-9456-49EF6D4AA821}.Debug|x64.ActiveCfg = Debug|x64
		{F91A3B7A-6A81-46A8-9456-49EF6D4AA821}.Debug|x64.Build.0 = Debug|x64
		{F91A3B7A-6A81-46A8-9456-49EF6D4AA821}.Debug|x86.ActiveCfg = Debug|Win32
		{F91A3B7A-6A81-46A8-9456-49EF6D4AA821}.Debug|x86.Build.0 = Debug|Win32
		{F91A3B7A-6A81-46A8-9456-49EF6D4AA821}.Release|Any CPU.ActiveCfg = Release|Win32
		{F91A3B7A-6A81-46A8-9456-49EF6D4AA821}.Release|x64.ActiveCfg = Release|x64
		{F91A3B7A-6A81-46A8-9456-49EF6D4AA821}.Release|x64.Build.0 = Release|x64
		{F91A3B7A-6A81-46A8-9456-49EF6D4AA821}.Release|x86.ActiveCfg = Release|Win32
		{F91A3B7A-6A81-46A8-9456-49EF6D4AA821}.Release|x86.Build.0 = Release|Win32
		{0265FABE-AF78-4B29-B450-3387F194AC6C}.Debug|Any CPU.ActiveCfg = Debug|Win32
		{0265FABE-AF78-4B29-B450-3387F194AC6C}.Debug|x64.ActiveCfg = Debug|x64
		{0265FABE-AF78-4B29-B450-3387F194AC6C}.Debug|x64.Build.0 = Debug|x64
		{0265FABE-AF78-4B29-B450-3387F194AC6C}.Debug|x86.ActiveCfg = Debug|Win32
		{0265FABE-AF78-4B29-B450-3387F194AC6C}.Debug|x86.Build.0 = Debug|Win32
		{0265FABE-AF78-4B29-B450-3387F194AC6C}.Release|Any CPU.ActiveCfg = Release|Win32
		{0265FABE-AF78-4B29-B450-3387F194AC6C}.Release|x64.ActiveCfg = Release|x64
		{0265FABE-AF78-4B29-B450-3387F194AC6C}.Release|x64.Build.0 = Release|x64
		{0265FABE-AF78-4B29-B450-3387F194AC6C}.Release|x86.ActiveCfg = Release|Win32
		{0265FABE-AF78-4B29-B450-3387F194AC6C}.Release|x86.Build.0 = Release|Win32
		{A005351D-74B6-4DA6-9249-8A2EA0A02801}.Debug|Any CPU.ActiveCfg = Debug|Win32
		{A005351D-74B6-4DA6-9249-8A2EA0A02801}.Debug|x64.ActiveCfg = Debug|x64
		{A005351D-74B6-4DA6-9249-8A2EA0A02801}.Debug|x64.Build.0 = Debug|x64
		{A005351D-74B6-4DA6-9249-8A2EA0A02801}.Debug|x86.ActiveCfg = Debug|Win32
		{A005351D-74B6-4DA6-9249-8A2EA0A02801}.Debug|x86.Build.0 = Debug|Win32
		{A005351D-74B6-4DA6-9249-8A2EA0A02801}.Release|Any CPU.ActiveCfg = Release|Win32
		{A005351D-74B6-4DA6-9249-8A2EA0A02801}.Release|x64.ActiveCfg = Release|x64
		{A005351D-74B6-4DA6-9249-8A2EA0A02801}.Release|x64.Build.0 = Release|x64
		{A005351D-74B6-4DA6-9249-8A2EA0A02801}.Release|x86.ActiveCfg = Release|Win32
		{A005351D-74B6-4DA6-9249-8A2EA0A02801}.Release|x86.Build.0 = Release|Win32
		{195D39E3-666C-42A7-ADFB-2FE7CF2BF72E}.Debug|Any CPU.ActiveCfg = Debug|Win32
		{195D39E3-666C-42A7-ADFB-2FE7CF2BF72E}.Debug|x64.ActiveCfg = Debug|x64
		{195D39E3-666C-42A7-ADFB-2FE7CF2BF72E}.Debug|x64.Build.0 = Debug|x64
		{195D39E3-666C-42A7-ADFB-2FE7CF2BF72E}.Debug|x86.ActiveCfg = Debug|Win32
		{195D39E3-666C-42A7-ADFB-2FE7CF2BF72E}.Debug|x86.Build.0 = Debug|Win32
		{195D39E3-666C-42A7-ADFB-2FE7CF2BF72E}.Release|Any CPU.ActiveCfg = Release|Win32
		{195D39E3-666C-42A7-ADFB-2FE7CF2BF72E}.Release|x64.ActiveCfg = Release|x64
		{195D39E3-666C-42A7-ADFB-2FE7CF2BF72E}.Release|x64.Build.0 = Release|x64
		{195D39E3-666C-42A7-ADFB-2FE7CF2BF72E}.Release|x86.ActiveCfg = Release|Win32
		{195D39E3-666C-42A7-ADFB-2FE7CF2BF72E}.Release|x86.Build.0 = Release|Win32
		{F5296FC4-12BA-4D72-9045-823BCB7A371C}.Debug|Any CPU.ActiveCfg = Debug|Win32
		{F5296FC4-12BA-4D72-9045-823BCB7A371C}.Debug|x64.ActiveCfg = Debug|x64
		{F5296FC4-12BA-4D72-9045-823BCB7A371C}.Debug|x64.Build.0 = Debug|x64
		{F5296FC4-12BA-4D72-9045-823BCB7A371C}.Debug|x86.ActiveCfg = Debug|Win32
		{F5296FC4-12BA-4D72-9045-823BCB7A371C}.Debug|x86.Build.0 = Debug|Win32
		{F5296FC4-12BA-4D72-9045-823BCB7A371C}.Release|Any CPU.ActiveCfg = Release|Win32
		{F5296FC4-12BA-4D72-9045-823BCB7A371C}.Release|x64.ActiveCfg = Release|x64
		{F5296FC4-12BA-4D72-9045-823BCB7A371C}.Release|x64.Build.0 = Release|x64
		{F5296FC4-12BA-4D72-9045-823BCB7A371C}.Release|x86.ActiveCfg = Release|Win32
		{F5296FC4-12BA-4D72-9045-823BCB7A371C}.Release|x86.Build.0 = Release|Win32
		{E7E8E3C3-160F-4D71-B444-2B41002C9A16}.Debug|Any CPU.ActiveCfg = Debug|Win32
		{E7E8E3C3-160F-4D71-B444-2B41002C9A16}.Debug|x64.ActiveCfg = Debug|x64
		{E7E8E3C3-160F-4D71-B444-2B41002C9A16}.Debug|x64.Build.0 = Debug|x64
		{E7E8E3C3-160F-4D71-B444-2B41002C9A16}.Debug|x86.ActiveCfg = Debug|Win32
		{E7E8E3C3-160F-4D71-B444-2B41002C9A16}.Debug|x86.Build.0 = Debug|Win32
		{E7E8E3C3-160F-4D71-B444-2B41002C9A16}.Release|Any CPU.ActiveCfg = Release|Win32
		{E7E8E3C3-160F-4D71-B444-2B41002C9A16}.Release|x64.ActiveCfg = Release|x64
		{E7E8E3C3-160F-4D71-B444-2B41002C9A16}.Release|x64.Build.0 = Release|x64
		{E7E8E3C3-160F-4D71-B444-2B41002C9A16}.Release|x86.ActiveCfg = Release|Win32
		{E7E8E3C3-160F-4D71-B444-2B41002C9A16}.Release|x86.Build.0 = Release|Win32
		{1AD60042-4E32-4355-AE6F-97FF2A4B0297}.Debug|Any CPU.ActiveCfg = Debug|Win32
		{1AD60042-4E32-4355-AE6F-97FF2A4B0297}.Debug|x64.ActiveCfg = Debug|x64
		{1AD60042-4E32-4355-AE6F-97FF2A4B0297}.Debug|x64.Build.0 = Debug|x64
		{1AD60042-4E32-4355-AE6F-97FF2A4B0297}.Debug|x86.ActiveCfg = Debug|Win32
		{1AD60042-4E32-4355-AE6F-97FF2A4B0297}.Debug|x86.Build.0 = Debug|Win32
		{1AD60042-4E32-4355-AE6F-97FF2A4B0297}.Release|Any CPU.ActiveCfg = Release|Win32
		{1AD60042-4E32-4355-AE6F-97FF2A4B0297}.Release|x64.ActiveCfg = Release|x64
		{1AD60042-4E32-4355-AE6F-97FF2A4B0297}.Release|x64.Build.0 = Release|x64
		{1AD60042-4E32-4355-AE6F-97FF2A4B0297}.Release|x86.ActiveCfg = Release|Win32
		{1AD60042-4E32-4355-AE6F-97FF2A4B0297}.Release|x86.Build.0 = Release|Win32
		{B5409F4C-0D3F-496C-BBAA-54F58CB76898}.Debug|Any CPU.ActiveCfg = Debug|Any CPU
		{B5409F4C-0D3F-496C-BBAA-54F58CB76898}.Debug|Any CPU.Build.0 = Debug|Any CPU
		{B5409F4C-0D3F-496C-BBAA-54F58CB76898}.Debug|x64.ActiveCfg = Debug|Any CPU
		{B5409F4C-0D3F-496C-BBAA-54F58CB76898}.Debug|x64.Build.0 = Debug|Any CPU
		{B5409F4C-0D3F-496C-BBAA-54F58CB76898}.Debug|x86.ActiveCfg = Debug|Any CPU
		{B5409F4C-0D3F-496C-BBAA-54F58CB76898}.Debug|x86.Build.0 = Debug|Any CPU
		{B5409F4C-0D3F-496C-BBAA-54F58CB76898}.Release|Any CPU.ActiveCfg = Release|Any CPU
		{B5409F4C-0D3F-496C-BBAA-54F58CB76898}.Release|Any CPU.Build.0 = Release|Any CPU
		{B5409F4C-0D3F-496C-BBAA-54F58CB76898}.Release|x64.ActiveCfg = Release|Any CPU
		{B5409F4C-0D3F-496C-BBAA-54F58CB76898}.Release|x64.Build.0 = Release|Any CPU
		{B5409F4C-0D3F-496C-BBAA-54F58CB76898}.Release|x86.ActiveCfg = Release|Any CPU
		{B5409F4C-0D3F-496C-BBAA-54F58CB76898}.Release|x86.Build.0 = Release|Any CPU
		{127A7697-81A1-4CB3-862F-B77CE768C795}.Debug|Any CPU.ActiveCfg = Debug|Any CPU
		{127A7697-81A1-4CB3-862F-B77CE768C795}.Debug|Any CPU.Build.0 = Debug|Any CPU
		{127A7697-81A1-4CB3-862F-B77CE768C795}.Debug|x64.ActiveCfg = Debug|Any CPU
		{127A7697-81A1-4CB3-862F-B77CE768C795}.Debug|x64.Build.0 = Debug|Any CPU
		{127A7697-81A1-4CB3-862F-B77CE768C795}.Debug|x86.ActiveCfg = Debug|Any CPU
		{127A7697-81A1-4CB3-862F-B77CE768C795}.Debug|x86.Build.0 = Debug|Any CPU
		{127A7697-81A1-4CB3-862F-B77CE768C795}.Release|Any CPU.ActiveCfg = Release|Any CPU
		{127A7697-81A1-4CB3-862F-B77CE768C795}.Release|Any CPU.Build.0 = Release|Any CPU
		{127A7697-81A1-4CB3-862F-B77CE768C795}.Release|x64.ActiveCfg = Release|Any CPU
		{127A7697-81A1-4CB3-862F-B77CE768C795}.Release|x64.Build.0 = Release|Any CPU
		{127A7697-81A1-4CB3-862F-B77CE768C795}.Release|x86.ActiveCfg = Release|Any CPU
		{127A7697-81A1-4CB3-862F-B77CE768C795}.Release|x86.Build.0 = Release|Any CPU
		{3D46C585-342D-4E58-A456-7CCA68367638}.Debug|Any CPU.ActiveCfg = Debug|Any CPU
		{3D46C585-342D-4E58-A456-7CCA68367638}.Debug|Any CPU.Build.0 = Debug|Any CPU
		{3D46C585-342D-4E58-A456-7CCA68367638}.Debug|x64.ActiveCfg = Debug|Any CPU
		{3D46C585-342D-4E58-A456-7CCA68367638}.Debug|x64.Build.0 = Debug|Any CPU
		{3D46C585-342D-4E58-A456-7CCA68367638}.Debug|x86.ActiveCfg = Debug|Any CPU
		{3D46C585-342D-4E58-A456-7CCA68367638}.Debug|x86.Build.0 = Debug|Any CPU
		{3D46C585-342D-4E58-A456-7CCA68367638}.Release|Any CPU.ActiveCfg = Release|Any CPU
		{3D46C585-342D-4E58-A456-7CCA68367638}.Release|Any CPU.Build.0 = Release|Any CPU
		{3D46C585-342D-4E58-A456-7CCA68367638}.Release|x64.ActiveCfg = Release|Any CPU
		{3D46C585-342D-4E58-A456-7CCA68367638}.Release|x64.Build.0 = Release|Any CPU
		{3D46C585-342D-4E58-A456-7CCA68367638}.Release|x86.ActiveCfg = Release|Any CPU
		{3D46C585-342D-4E58-A456-7CCA68367638}.Release|x86.Build.0 = Release|Any CPU
		{A826D8FC-74B1-48A0-B122-9CB7CD4D0D8C}.Debug|Any CPU.ActiveCfg = Debug|Any CPU
		{A826D8FC-74B1-48A0-B122-9CB7CD4D0D8C}.Debug|Any CPU.Build.0 = Debug|Any CPU
		{A826D8FC-74B1-48A0-B122-9CB7CD4D0D8C}.Debug|x64.ActiveCfg = Debug|Any CPU
		{A826D8FC-74B1-48A0-B122-9CB7CD4D0D8C}.Debug|x64.Build.0 = Debug|Any CPU
		{A826D8FC-74B1-48A0-B122-9CB7CD4D0D8C}.Debug|x86.ActiveCfg = Debug|Any CPU
		{A826D8FC-74B1-48A0-B122-9CB7CD4D0D8C}.Debug|x86.Build.0 = Debug|Any CPU
		{A826D8FC-74B1-48A0-B122-9CB7CD4D0D8C}.Release|Any CPU.ActiveCfg = Release|Any CPU
		{A826D8FC-74B1-48A0-B122-9CB7CD4D0D8C}.Release|Any CPU.Build.0 = Release|Any CPU
		{A826D8FC-74B1-48A0-B122-9CB7CD4D0D8C}.Release|x64.ActiveCfg = Release|Any CPU
		{A826D8FC-74B1-48A0-B122-9CB7CD4D0D8C}.Release|x64.Build.0 = Release|Any CPU
		{A826D8FC-74B1-48A0-B122-9CB7CD4D0D8C}.Release|x86.ActiveCfg = Release|Any CPU
		{A826D8FC-74B1-48A0-B122-9CB7CD4D0D8C}.Release|x86.Build.0 = Release|Any CPU
		{2597CD36-93C4-41BB-83BF-787B89A79565}.Debug|Any CPU.ActiveCfg = Debug|Any CPU
		{2597CD36-93C4-41BB-83BF-787B89A79565}.Debug|Any CPU.Build.0 = Debug|Any CPU
		{2597CD36-93C4-41BB-83BF-787B89A79565}.Debug|x64.ActiveCfg = Debug|Any CPU
		{2597CD36-93C4-41BB-83BF-787B89A79565}.Debug|x64.Build.0 = Debug|Any CPU
		{2597CD36-93C4-41BB-83BF-787B89A79565}.Debug|x86.ActiveCfg = Debug|Any CPU
		{2597CD36-93C4-41BB-83BF-787B89A79565}.Debug|x86.Build.0 = Debug|Any CPU
		{2597CD36-93C4-41BB-83BF-787B89A79565}.Release|Any CPU.ActiveCfg = Release|Any CPU
		{2597CD36-93C4-41BB-83BF-787B89A79565}.Release|Any CPU.Build.0 = Release|Any CPU
		{2597CD36-93C4-41BB-83BF-787B89A79565}.Release|x64.ActiveCfg = Release|Any CPU
		{2597CD36-93C4-41BB-83BF-787B89A79565}.Release|x64.Build.0 = Release|Any CPU
		{2597CD36-93C4-41BB-83BF-787B89A79565}.Release|x86.ActiveCfg = Release|Any CPU
		{2597CD36-93C4-41BB-83BF-787B89A79565}.Release|x86.Build.0 = Release|Any CPU
		{5CE49D38-7FA0-4AF6-B405-4C1BEB03E2FD}.Debug|Any CPU.ActiveCfg = Debug|Any CPU
		{5CE49D38-7FA0-4AF6-B405-4C1BEB03E2FD}.Debug|Any CPU.Build.0 = Debug|Any CPU
		{5CE49D38-7FA0-4AF6-B405-4C1BEB03E2FD}.Debug|x64.ActiveCfg = Debug|Any CPU
		{5CE49D38-7FA0-4AF6-B405-4C1BEB03E2FD}.Debug|x64.Build.0 = Debug|Any CPU
		{5CE49D38-7FA0-4AF6-B405-4C1BEB03E2FD}.Debug|x86.ActiveCfg = Debug|Any CPU
		{5CE49D38-7FA0-4AF6-B405-4C1BEB03E2FD}.Debug|x86.Build.0 = Debug|Any CPU
		{5CE49D38-7FA0-4AF6-B405-4C1BEB03E2FD}.Release|Any CPU.ActiveCfg = Release|Any CPU
		{5CE49D38-7FA0-4AF6-B405-4C1BEB03E2FD}.Release|Any CPU.Build.0 = Release|Any CPU
		{5CE49D38-7FA0-4AF6-B405-4C1BEB03E2FD}.Release|x64.ActiveCfg = Release|Any CPU
		{5CE49D38-7FA0-4AF6-B405-4C1BEB03E2FD}.Release|x64.Build.0 = Release|Any CPU
		{5CE49D38-7FA0-4AF6-B405-4C1BEB03E2FD}.Release|x86.ActiveCfg = Release|Any CPU
		{5CE49D38-7FA0-4AF6-B405-4C1BEB03E2FD}.Release|x86.Build.0 = Release|Any CPU
	EndGlobalSection
	GlobalSection(SolutionProperties) = preSolution
		HideSolutionNode = FALSE
	EndGlobalSection
	GlobalSection(NestedProjects) = preSolution
		{8EEC8180-8510-47BD-92DF-0CBD37906FD8} = {09FF867A-D19B-4053-8ED1-5E056B500BD9}
		{D10F94F1-55E4-46CF-A29C-174E3DA5663E} = {7007C30C-5948-427B-89BF-DB08E4E9F2DF}
		{7AC75325-7597-4F20-AB48-EA432DE3346A} = {7007C30C-5948-427B-89BF-DB08E4E9F2DF}
		{10E75C43-3350-422F-A70A-A9EE40A79C7E} = {7007C30C-5948-427B-89BF-DB08E4E9F2DF}
		{80ABCD48-AC99-4F84-8F42-3B1F593FDD8F} = {7007C30C-5948-427B-89BF-DB08E4E9F2DF}
		{3CBAF251-5800-4F22-BDBE-B61545CA2F3B} = {09FF867A-D19B-4053-8ED1-5E056B500BD9}
		{E46C1338-B842-4CF1-86CD-C4481E106724} = {7007C30C-5948-427B-89BF-DB08E4E9F2DF}
		{F91A3B7A-6A81-46A8-9456-49EF6D4AA821} = {09FF867A-D19B-4053-8ED1-5E056B500BD9}
		{0265FABE-AF78-4B29-B450-3387F194AC6C} = {7007C30C-5948-427B-89BF-DB08E4E9F2DF}
		{A005351D-74B6-4DA6-9249-8A2EA0A02801} = {7007C30C-5948-427B-89BF-DB08E4E9F2DF}
		{195D39E3-666C-42A7-ADFB-2FE7CF2BF72E} = {7007C30C-5948-427B-89BF-DB08E4E9F2DF}
		{E7E8E3C3-160F-4D71-B444-2B41002C9A16} = {7007C30C-5948-427B-89BF-DB08E4E9F2DF}
		{1AD60042-4E32-4355-AE6F-97FF2A4B0297} = {7007C30C-5948-427B-89BF-DB08E4E9F2DF}
		{127A7697-81A1-4CB3-862F-B77CE768C795} = {7007C30C-5948-427B-89BF-DB08E4E9F2DF}
	EndGlobalSection
	GlobalSection(ExtensibilityGlobals) = postSolution
		SolutionGuid = {8E6FABB9-DAC2-4FA1-9E39-2B37C137DB2E}
	EndGlobalSection
EndGlobal
