<?xml version="1.0" encoding="utf-8"?>
<Project ToolsVersion="4.0" xmlns="http://schemas.microsoft.com/developer/msbuild/2003">
  <ItemGroup>
    <Filter Include="Исходные файлы">
      <UniqueIdentifier>{4FC737F1-C7A5-4376-A066-2A32D752A2FF}</UniqueIdentifier>
      <Extensions>cpp;c;cc;cxx;def;odl;idl;hpj;bat;asm;asmx</Extensions>
    </Filter>
    <Filter Include="Файлы заголовков">
      <UniqueIdentifier>{93995380-89BD-4b04-88EB-625FBE52EBFB}</UniqueIdentifier>
      <Extensions>h;hh;hpp;hxx;hm;inl;inc;ipp;xsd</Extensions>
    </Filter>
    <Filter Include="Файлы ресурсов">
      <UniqueIdentifier>{67DA6AB6-F800-4c08-8B7A-83BB121AAD01}</UniqueIdentifier>
      <Extensions>rc;ico;cur;bmp;dlg;rc2;rct;bin;rgs;gif;jpg;jpeg;jpe;resx;tiff;tif;png;wav;mfcribbon-ms</Extensions>
    </Filter>
    <Filter Include="App">
      <UniqueIdentifier>{a76e79b4-23cb-4937-a269-6e1d4ce3bf80}</UniqueIdentifier>
    </Filter>
    <Filter Include="Windows">
      <UniqueIdentifier>{f724c3c2-b4e1-4a46-a62f-af07542d781b}</UniqueIdentifier>
    </Filter>
    <Filter Include="Windows\MainWindow">
      <UniqueIdentifier>{b602192f-06ee-48c3-bb6b-aaed77319d42}</UniqueIdentifier>
    </Filter>
    <Filter Include="Common">
      <UniqueIdentifier>{855f7f49-76e4-442e-aab1-d627229f2e3d}</UniqueIdentifier>
    </Filter>
    <Filter Include="Common\window_tool">
      <UniqueIdentifier>{a1461842-f08d-45e8-a05f-7867d22fe1ac}</UniqueIdentifier>
    </Filter>
    <Filter Include="Common\templates">
      <UniqueIdentifier>{c9ce3511-2675-493b-a5be-91096bf5cb3a}</UniqueIdentifier>
    </Filter>
    <Filter Include="Common\tools_debug">
      <UniqueIdentifier>{e2c78e8e-3ff9-4a08-b1da-d14ab92f5218}</UniqueIdentifier>
    </Filter>
    <Filter Include="Common\Graphics">
      <UniqueIdentifier>{94f494cc-7404-4316-8420-1e6c39f5dc42}</UniqueIdentifier>
    </Filter>
    <Filter Include="Windows\Viewers">
      <UniqueIdentifier>{eb1e0815-e59b-48c9-a08a-13be34eb117c}</UniqueIdentifier>
    </Filter>
    <Filter Include="Windows\Viewers\DefectViewer">
      <UniqueIdentifier>{ba2e5ae0-20a6-464d-a689-d7490426b8c0}</UniqueIdentifier>
    </Filter>
    <Filter Include="Base">
      <UniqueIdentifier>{a70a84ba-6e51-4874-b0ce-d7629b9eb36c}</UniqueIdentifier>
    </Filter>
    <Filter Include="Common\Grid">
      <UniqueIdentifier>{18471e8d-07d8-4ea6-b592-a53563bfa6b4}</UniqueIdentifier>
    </Filter>
    <Filter Include="Windows\Viewers\SelectUsers">
      <UniqueIdentifier>{16dad4f0-cddc-41b4-a6ca-b2c6d8201cb6}</UniqueIdentifier>
    </Filter>
    <Filter Include="Common\DlgTemplates">
      <UniqueIdentifier>{0039e388-0e67-4a93-85f1-78ce4e7a320b}</UniqueIdentifier>
    </Filter>
  </ItemGroup>
  <ItemGroup>
    <ClInclude Include="targetver.h">
      <Filter>Файлы заголовков</Filter>
    </ClInclude>
    <ClInclude Include="Plast.h">
      <Filter>Файлы заголовков</Filter>
    </ClInclude>
    <ClInclude Include="App\App.h">
      <Filter>App</Filter>
    </ClInclude>
    <ClInclude Include="Windows\MainWindow\MainWindow.h">
      <Filter>Windows\MainWindow</Filter>
    </ClInclude>
    <ClInclude Include="..\Common\window_tool\message.h">
      <Filter>Common\window_tool</Filter>
    </ClInclude>
    <ClInclude Include="..\Common\window_tool\Emptywindow.h">
      <Filter>Common\window_tool</Filter>
    </ClInclude>
    <ClInclude Include="..\Common\templates\typelist.hpp">
      <Filter>Common\templates</Filter>
    </ClInclude>
    <ClInclude Include="..\Common\tools_debug\DebugMess.h">
      <Filter>Common\tools_debug</Filter>
    </ClInclude>
    <ClInclude Include="Resource.h">
      <Filter>Файлы заголовков</Filter>
    </ClInclude>
    <ClInclude Include="..\Common\window_tool\WindowsPosition.h">
      <Filter>Common\window_tool</Filter>
    </ClInclude>
    <ClInclude Include="..\Common\window_tool\ItemIni.h">
      <Filter>Common\window_tool</Filter>
    </ClInclude>
    <ClInclude Include="..\Common\templates\templates.hpp">
      <Filter>Common\templates</Filter>
    </ClInclude>
    <ClInclude Include="Windows\MainWindow\MainWindowToolBar.h">
      <Filter>Windows\MainWindow</Filter>
    </ClInclude>
    <ClInclude Include="\\andrew\shared\plast2\Common\window_tool\InitToolbar.hpp">
      <Filter>Common\window_tool</Filter>
    </ClInclude>
    <ClInclude Include="..\Common\window_tool\MenuAPI.h">
      <Filter>Common\window_tool</Filter>
    </ClInclude>
    <ClInclude Include="..\Common\window_tool\TEvent.h">
      <Filter>Common\window_tool</Filter>
    </ClInclude>
    <ClInclude Include="Windows\MainWindow\MainWindowMenu.hpp">
      <Filter>Windows\MainWindow</Filter>
    </ClInclude>
    <ClInclude Include="..\Common\window_tool\HookKey.h">
      <Filter>Common\window_tool</Filter>
    </ClInclude>
    <ClInclude Include="Windows\MainWindow\AppKeyHandler.h">
      <Filter>Windows\MainWindow</Filter>
    </ClInclude>
    <ClInclude Include="Windows\Viewers\DefectViewers\DefectViewer.h">
      <Filter>Windows\Viewers\DefectViewer</Filter>
    </ClInclude>
    <ClInclude Include="Windows\Viewers\DefectViewers\GridSeries.h">
      <Filter>Windows\Viewers\DefectViewer</Filter>
    </ClInclude>
    <ClInclude Include="..\Common\Graphics\TopLabelViewer.h">
      <Filter>Common\Graphics</Filter>
    </ClInclude>
    <ClInclude Include="..\Common\Graphics\ColorLabel.h">
      <Filter>Common\Graphics</Filter>
    </ClInclude>
    <ClInclude Include="App\AppBase.h">
      <Filter>App</Filter>
    </ClInclude>
    <ClInclude Include="..\Common\Graphics\FixedGridSeries.h">
      <Filter>Common\Graphics</Filter>
    </ClInclude>
    <ClInclude Include="..\Common\Graphics\EmptyLeftAxes.h">
      <Filter>Common\Graphics</Filter>
    </ClInclude>
    <ClInclude Include="..\Common\Graphics\Chart.h">
      <Filter>Common\Graphics</Filter>
    </ClInclude>
    <ClInclude Include="..\Common\Graphics\Chart.hpp">
      <Filter>Common\Graphics</Filter>
    </ClInclude>
    <ClInclude Include="..\Common\Grid\GridDetail.h">
      <Filter>Common\Grid</Filter>
    </ClInclude>
    <ClInclude Include="Windows\SelectUsers\SelectUsers.h">
      <Filter>Windows\Viewers\SelectUsers</Filter>
    </ClInclude>
    <ClInclude Include="Windows\SelectUsers\SelectUserWindow.h">
      <Filter>Windows\Viewers\SelectUsers</Filter>
    </ClInclude>
    <ClInclude Include="..\Common\Base\Base.hpp">
      <Filter>Base</Filter>
    </ClInclude>
    <ClInclude Include="..\Common\Base\tables.hpp">
      <Filter>Base</Filter>
    </ClInclude>
    <ClInclude Include="..\Common\Base\TablesDefine.h">
      <Filter>Base</Filter>
    </ClInclude>
    <ClInclude Include="..\Common\Base\ExpressBase.hpp">
      <Filter>Base</Filter>
    </ClInclude>
    <ClInclude Include="Windows\SelectUsers\SelectUserDlg.h">
      <Filter>Windows\Viewers\SelectUsers</Filter>
    </ClInclude>
    <ClInclude Include="..\Common\window_tool\GroupBox.h">
      <Filter>Common\window_tool</Filter>
    </ClInclude>
    <ClInclude Include="..\Common\window_tool\Pass.h">
      <Filter>Common\window_tool</Filter>
    </ClInclude>
    <ClInclude Include="..\Common\DlgTemplates\ParamDlg.h">
      <Filter>Common\DlgTemplates</Filter>
    </ClInclude>
    <ClInclude Include="..\Common\DlgTemplates\ParamDlg.hpp">
      <Filter>Common\DlgTemplates</Filter>
    </ClInclude>
    <ClInclude Include="..\Common\DlgTemplates\ParamDlgNew.h">
      <Filter>Common\DlgTemplates</Filter>
    </ClInclude>
  </ItemGroup>
  <ItemGroup>
    <ClCompile Include="Plast.cpp">
      <Filter>Исходные файлы</Filter>
    </ClCompile>
    <ClCompile Include="App\App.cpp">
      <Filter>App</Filter>
    </ClCompile>
    <ClCompile Include="Windows\MainWindow\MainWindow.cpp">
      <Filter>Windows\MainWindow</Filter>
    </ClCompile>
    <ClCompile Include="..\Common\window_tool\EmptyWindow.cpp">
      <Filter>Common\window_tool</Filter>
    </ClCompile>
    <ClCompile Include="..\Common\tools_debug\DebugMess.cpp">
      <Filter>Common\tools_debug</Filter>
    </ClCompile>
    <ClCompile Include="..\Common\window_tool\WindowsPosition.cpp">
      <Filter>Common\window_tool</Filter>
    </ClCompile>
    <ClCompile Include="..\Common\window_tool\ItemIni.cpp">
      <Filter>Common\window_tool</Filter>
    </ClCompile>
    <ClCompile Include="Windows\MainWindow\MainWindowToolBar.cpp">
      <Filter>Windows\MainWindow</Filter>
    </ClCompile>
    <ClCompile Include="..\Common\window_tool\MenuAPI.cpp">
      <Filter>Common\window_tool</Filter>
    </ClCompile>
    <ClCompile Include="..\Common\window_tool\HookKey.cpp">
      <Filter>Common\window_tool</Filter>
    </ClCompile>
    <ClCompile Include="Windows\MainWindow\AppKeyHandler.cpp">
      <Filter>Windows\MainWindow</Filter>
    </ClCompile>
    <ClCompile Include="Windows\Viewers\DefectViewers\DefectViewer.cpp">
      <Filter>Windows\Viewers\DefectViewer</Filter>
    </ClCompile>
    <ClCompile Include="Windows\Viewers\DefectViewers\GridSeries.cpp">
      <Filter>Windows\Viewers\DefectViewer</Filter>
    </ClCompile>
    <ClCompile Include="..\Common\Graphics\TopLabelViewer.cpp">
      <Filter>Common\Graphics</Filter>
    </ClCompile>
    <ClCompile Include="..\Common\Graphics\ColorLabel.cpp">
      <Filter>Common\Graphics</Filter>
    </ClCompile>
    <ClCompile Include="App\AppBase.cpp">
      <Filter>App</Filter>
    </ClCompile>
    <ClCompile Include="..\Common\Graphics\FixedGridSeries.cpp">
      <Filter>Common\Graphics</Filter>
    </ClCompile>
    <ClCompile Include="..\Common\Graphics\EmptyLeftAxes.cpp">
      <Filter>Common\Graphics</Filter>
    </ClCompile>
    <ClCompile Include="..\Common\Graphics\Chart.cpp">
      <Filter>Common\Graphics</Filter>
    </ClCompile>
    <ClCompile Include="..\Common\Grid\GridDetail.cpp">
      <Filter>Common\Grid</Filter>
    </ClCompile>
    <ClCompile Include="Windows\SelectUsers\SelectUsers.cpp">
      <Filter>Windows\Viewers\SelectUsers</Filter>
    </ClCompile>
    <ClCompile Include="Windows\SelectUsers\SelectUserWindow.cpp">
      <Filter>Windows\Viewers\SelectUsers</Filter>
    </ClCompile>
    <ClCompile Include="Windows\SelectUsers\SelectUserDlg.cpp">
      <Filter>Windows\Viewers\SelectUsers</Filter>
    </ClCompile>
    <ClCompile Include="..\Common\window_tool\GroupBox.cpp">
      <Filter>Common\window_tool</Filter>
    </ClCompile>
    <ClCompile Include="..\Common\window_tool\Pass.cpp">
      <Filter>Common\window_tool</Filter>
    </ClCompile>
    <ClCompile Include="..\Common\DlgTemplates\ParamDlg.cpp">
      <Filter>Common\DlgTemplates</Filter>
    </ClCompile>
  </ItemGroup>
  <ItemGroup>
    <ResourceCompile Include="..\Common\Resource\Resource.rc">
      <Filter>Файлы ресурсов</Filter>
    </ResourceCompile>
  </ItemGroup>
</Project>