<?xml version="1.0" encoding="utf-8"?>
<Project ToolsVersion="4.0" xmlns="http://schemas.microsoft.com/developer/msbuild/2003">
  <ItemGroup>
    <Filter Include="Исходные файлы">
      <UniqueIdentifier>{4FC737F1-C7A5-4376-A066-2A32D752A2FF}</UniqueIdentifier>
      <Extensions>cpp;c;cc;cxx;c++;cppm;ixx;def;odl;idl;hpj;bat;asm;asmx</Extensions>
    </Filter>
    <Filter Include="Файлы заголовков">
      <UniqueIdentifier>{93995380-89BD-4b04-88EB-625FBE52EBFB}</UniqueIdentifier>
      <Extensions>h;hh;hpp;hxx;h++;hm;inl;inc;ipp;xsd</Extensions>
    </Filter>
    <Filter Include="Файлы ресурсов">
      <UniqueIdentifier>{67DA6AB6-F800-4c08-8B7A-83BB121AAD01}</UniqueIdentifier>
      <Extensions>rc;ico;cur;bmp;dlg;rc2;rct;bin;rgs;gif;jpg;jpeg;jpe;resx;tiff;tif;png;wav;mfcribbon-ms</Extensions>
    </Filter>
    <Filter Include="Dlg">
      <UniqueIdentifier>{828f32bb-9e3b-4283-97dd-b94270914054}</UniqueIdentifier>
    </Filter>
    <Filter Include="window_tool">
      <UniqueIdentifier>{96cc382b-2bce-4b07-933f-16f71dcd5fc7}</UniqueIdentifier>
    </Filter>
    <Filter Include="App">
      <UniqueIdentifier>{00700799-847b-490d-9fd8-bcb46d08a2a2}</UniqueIdentifier>
    </Filter>
    <Filter Include="DlgTemplates">
      <UniqueIdentifier>{3d202082-1a1a-44cb-b575-a16d2112f9ec}</UniqueIdentifier>
    </Filter>
    <Filter Include="tools_debug">
      <UniqueIdentifier>{09460cc9-1133-42ff-b076-7c1acbf55876}</UniqueIdentifier>
    </Filter>
  </ItemGroup>
  <ItemGroup>
    <ClInclude Include="framework.h">
      <Filter>Файлы заголовков</Filter>
    </ClInclude>
    <ClInclude Include="targetver.h">
      <Filter>Файлы заголовков</Filter>
    </ClInclude>
    <ClInclude Include="Resource.h">
      <Filter>Файлы заголовков</Filter>
    </ClInclude>
    <ClInclude Include="tabwin.h">
      <Filter>Файлы заголовков</Filter>
    </ClInclude>
    <ClInclude Include="Dlg\Tab.h">
      <Filter>Dlg</Filter>
    </ClInclude>
    <ClInclude Include="..\..\Common\window_tool\Pass.h">
      <Filter>window_tool</Filter>
    </ClInclude>
    <ClInclude Include="..\..\Plast\App\AppBase.h">
      <Filter>App</Filter>
    </ClInclude>
    <ClInclude Include="..\..\Common\DlgTemplates\ParamDlg.h">
      <Filter>DlgTemplates</Filter>
    </ClInclude>
    <ClInclude Include="..\..\Common\DlgTemplates\ParamDlg.hpp">
      <Filter>DlgTemplates</Filter>
    </ClInclude>
    <ClInclude Include="..\..\Common\DlgTemplates\ParamDlgNew.h">
      <Filter>DlgTemplates</Filter>
    </ClInclude>
    <ClInclude Include="..\..\Common\tools_debug\DebugMess.h">
      <Filter>tools_debug</Filter>
    </ClInclude>
    <ClInclude Include="..\..\Common\window_tool\MenuAPI.h">
      <Filter>window_tool</Filter>
    </ClInclude>
  </ItemGroup>
  <ItemGroup>
    <ClCompile Include="tabwin.cpp">
      <Filter>Исходные файлы</Filter>
    </ClCompile>
    <ClCompile Include="Dlg\Tab.cpp">
      <Filter>Dlg</Filter>
    </ClCompile>
    <ClCompile Include="..\..\Common\window_tool\Pass.cpp">
      <Filter>window_tool</Filter>
    </ClCompile>
    <ClCompile Include="..\..\Plast\App\AppBase.cpp">
      <Filter>App</Filter>
    </ClCompile>
    <ClCompile Include="..\..\Common\DlgTemplates\ParamDlg.cpp">
      <Filter>DlgTemplates</Filter>
    </ClCompile>
    <ClCompile Include="..\..\Common\tools_debug\DebugMess.cpp">
      <Filter>tools_debug</Filter>
    </ClCompile>
    <ClCompile Include="..\..\Common\window_tool\MenuAPI.cpp">
      <Filter>window_tool</Filter>
    </ClCompile>
  </ItemGroup>
  <ItemGroup>
    <ResourceCompile Include="tabwin.rc">
      <Filter>Файлы ресурсов</Filter>
    </ResourceCompile>
  </ItemGroup>
  <ItemGroup>
    <Image Include="small.ico">
      <Filter>Файлы ресурсов</Filter>
    </Image>
    <Image Include="tabwin.ico">
      <Filter>Файлы ресурсов</Filter>
    </Image>
  </ItemGroup>
</Project>